
Microsoft Visual Studio Solution File, Format Version 12.00
# Visual Studio Version 17
VisualStudioVersion = 17.5.33414.496
MinimumVisualStudioVersion = 10.0.40219.1
Project("{FAE04EC0-301F-11D3-BF4B-00C04F79EFBC}") = "BulkyBookWeb", "BulkyBookWeb\BulkyBookWeb.csproj", "{6567D2EA-6ABB-4636-B2BD-7C254B058EBE}"
EndProject
Global
	GlobalSection(SolutionConfigurationPlatforms) = preSolution
		Debug|Any CPU = Debug|Any CPU
		Release|Any CPU = Release|Any CPU
	EndGlobalSection
	GlobalSection(ProjectConfigurationPlatforms) = postSolution
		{6567D2EA-6ABB-4636-B2BD-7C254B058EBE}.Debug|Any CPU.ActiveCfg = Debug|Any CPU
		{6567D2EA-6ABB-4636-B2BD-7C254B058EBE}.Debug|Any CPU.Build.0 = Debug|Any CPU
		{6567D2EA-6ABB-4636-B2BD-7C254B058EBE}.Release|Any CPU.ActiveCfg = Release|Any CPU
		{6567D2EA-6ABB-4636-B2BD-7C254B058EBE}.Release|Any CPU.Build.0 = Release|Any CPU
	EndGlobalSection
	GlobalSection(SolutionProperties) = preSolution
		HideSolutionNode = FALSE
	EndGlobalSection
	GlobalSection(ExtensibilityGlobals) = postSolution
		SolutionGuid = {C1D1D3B1-B93A-4FA3-BB3D-8DFFF8ABF2B7}
	EndGlobalSection
EndGlobal
